
Microsoft Visual Studio Solution File, Format Version 12.00
# Visual Studio Version 17
VisualStudioVersion = 17.2.32519.379
MinimumVisualStudioVersion = 10.0.40219.1
Project("{FAE04EC0-301F-11D3-BF4B-00C04F79EFBC}") = "DevBoardSim.NET", "DevBoardSim.NET.csproj", "{5DA01906-DD86-4F1A-AF4C-4BE5CEAB4CC5}"
EndProject
Project("{2150E333-8FDC-42A3-9474-1A3956D46DE8}") = "Boards", "Boards", "{A47C4C64-1094-4AF4-98AB-91C152322B44}"
EndProject
Project("{FAE04EC0-301F-11D3-BF4B-00C04F79EFBC}") = "Boards", "Boards\Boards.csproj", "{CDC65FAC-F3E2-475A-A82F-819B1AB8947C}"
EndProject
Project("{FAE04EC0-301F-11D3-BF4B-00C04F79EFBC}") = "GW8085SBC", "Boards\GW8085SBC\GW8085SBC.csproj", "{3C2508DE-BE87-47A8-B426-E37D8C0F4EF9}"
EndProject
Project("{2150E333-8FDC-42A3-9474-1A3956D46DE8}") = "Processors", "Processors", "{EF3C9603-22B9-4426-90FB-67E5B0BFA44D}"
EndProject
Project("{FAE04EC0-301F-11D3-BF4B-00C04F79EFBC}") = "Intel8085", "Processors\Intel8085\Intel8085.csproj", "{99CFEE9B-D68A-436B-A82E-14BB031FF1D9}"
EndProject
Project("{FAE04EC0-301F-11D3-BF4B-00C04F79EFBC}") = "Processors", "Processors\Processors\Processors.csproj", "{11D61A7E-4AC5-4A6A-9B2A-A626066E528C}"
EndProject
Project("{FAE04EC0-301F-11D3-BF4B-00C04F79EFBC}") = "GUI", "GUI\GUI.csproj", "{DCA98BB2-7A6D-4851-B801-1125B28754BD}"
EndProject
Project("{FAE04EC0-301F-11D3-BF4B-00C04F79EFBC}") = "BenEaterBB", "Boards\BenEaterBB\BenEaterBB.csproj", "{5D5F2C8E-D63B-4CE3-BE56-02E3F4859576}"
EndProject
Project("{FAE04EC0-301F-11D3-BF4B-00C04F79EFBC}") = "Embest", "Boards\Embest\Embest.csproj", "{6DC39E8A-447E-4666-8ED2-F3294A2066C8}"
EndProject
Project("{FAE04EC0-301F-11D3-BF4B-00C04F79EFBC}") = "Terminal", "Boards\Terminal\Terminal.csproj", "{EAC783F2-6264-4D4E-951C-006EC609C72A}"
EndProject
Project("{FAE04EC0-301F-11D3-BF4B-00C04F79EFBC}") = "InstructionTester", "InstructionTester\InstructionTester.csproj", "{B041E66C-256B-4512-AC35-B7D7318F774A}"
EndProject
Project("{FAE04EC0-301F-11D3-BF4B-00C04F79EFBC}") = "RC2014", "Boards\RC2014\RC2014.csproj", "{2C49C3C2-3FF6-4293-A693-14DF3F633E2F}"
EndProject
Project("{FAE04EC0-301F-11D3-BF4B-00C04F79EFBC}") = "Z80MembershipCard", "Boards\Z80MembershipCard\Z80MembershipCard.csproj", "{28D63D44-6FC0-41D2-899F-624560BBB4A8}"
EndProject
Project("{FAE04EC0-301F-11D3-BF4B-00C04F79EFBC}") = "CompareHEX", "CompareHEX\CompareHEX.csproj", "{9178A881-736B-4056-9575-74FFA17A5BBF}"
EndProject
Project("{FAE04EC0-301F-11D3-BF4B-00C04F79EFBC}") = "Motorola6502", "Processors\Motorola6502\Motorola6502.csproj", "{BD9447DB-7CF2-4FA7-8427-698F8C40F1AA}"
EndProject
Project("{FAE04EC0-301F-11D3-BF4B-00C04F79EFBC}") = "HobbyPCB6502", "Boards\HobbyPCB6502\HobbyPCB6502.csproj", "{5C3CD037-4D21-4777-9F7D-77811FCF77A8}"
EndProject
Project("{FAE04EC0-301F-11D3-BF4B-00C04F79EFBC}") = "ZilogZ80", "Processors\ZilogZ80\ZilogZ80.csproj", "{FF639B0A-A322-4D29-88BC-308ABE1D4184}"
EndProject
Project("{FAE04EC0-301F-11D3-BF4B-00C04F79EFBC}") = "ARM7", "Processors\ARM7\ARM7.csproj", "{BEAF6B86-A229-4663-B22D-98E75442E838}"
EndProject
Project("{FAE04EC0-301F-11D3-BF4B-00C04F79EFBC}") = "Preferences", "Preferences\Preferences.csproj", "{EC33E25A-A6C8-4257-BD97-6B55CA65E12E}"
EndProject
Project("{FAE04EC0-301F-11D3-BF4B-00C04F79EFBC}") = "M68HC11", "Processors\M68HC11\M68HC11.csproj", "{1364DA8A-22B3-47D6-A476-250BF86D15AA}"
EndProject
Project("{FAE04EC0-301F-11D3-BF4B-00C04F79EFBC}") = "BOTBoard2", "Boards\BOTBoard2\BOTBoard2.csproj", "{30E42EDC-E712-4806-A660-E0013C4F4B36}"
EndProject
Project("{FAE04EC0-301F-11D3-BF4B-00C04F79EFBC}") = "convertToS", "convertToS\convertToS\convertToS.csproj", "{EDBF6777-FF4B-4100-83E3-4EB81D70AF67}"
EndProject
Project("{FAE04EC0-301F-11D3-BF4B-00C04F79EFBC}") = "ZX81", "Boards\ZX81\ZX81.csproj", "{D1C95281-3BE9-4765-A6A7-460C432F82B4}"
EndProject
Project("{2150E333-8FDC-42A3-9474-1A3956D46DE8}") = "Parsers", "Parsers", "{83B701B7-7D33-4771-BC73-3B9D5BF872E2}"
EndProject
Project("{FAE04EC0-301F-11D3-BF4B-00C04F79EFBC}") = "ParserA85", "Parsers\ParserA85\ParserA85.csproj", "{459DC07F-7B61-4D9A-BE65-C3491DDEBF48}"
EndProject
Project("{FAE04EC0-301F-11D3-BF4B-00C04F79EFBC}") = "ParserZasm", "Parsers\ParserZasm\ParserZasm.csproj", "{9D449C6E-6DD2-4DCB-948C-5545723278A3}"
EndProject
Project("{FAE04EC0-301F-11D3-BF4B-00C04F79EFBC}") = "ParserCa65", "Parsers\ParserCa65\ParserCa65.csproj", "{EB7C56CC-7964-43E5-8BFE-639208458212}"
EndProject
Project("{FAE04EC0-301F-11D3-BF4B-00C04F79EFBC}") = "ParserAsm11", "Parsers\ParserAsm11\ParserAsm11.csproj", "{2ECFC912-8EDB-4FB2-9523-C14964F281E2}"
EndProject
Project("{FAE04EC0-301F-11D3-BF4B-00C04F79EFBC}") = "ParserEabi", "Parsers\ParserEabi\ParserEabi.csproj", "{428E65BE-5012-4D6E-B6A3-00EE56C18959}"
EndProject
Project("{FAE04EC0-301F-11D3-BF4B-00C04F79EFBC}") = "MicroBeast", "Boards\MicroBeast\MicroBeast.csproj", "{4A5635C4-9084-4A2C-B344-C1FBE03DFA7D}"
EndProject
Project("{FAE04EC0-301F-11D3-BF4B-00C04F79EFBC}") = "ParserTasm", "Parsers\ParserTasm\ParserTasm.csproj", "{0AE8327E-39F9-4BAF-8E04-B262B50E2233}"
EndProject
Project("{FAE04EC0-301F-11D3-BF4B-00C04F79EFBC}") = "Parsers", "Parsers\Parsers.csproj", "{16892B76-FD08-4374-8421-D4D1259218C3}"
EndProject
Global
	GlobalSection(SolutionConfigurationPlatforms) = preSolution
		Debug|Any CPU = Debug|Any CPU
		Debug|x64 = Debug|x64
		Debug|x86 = Debug|x86
		Release|Any CPU = Release|Any CPU
		Release|x64 = Release|x64
		Release|x86 = Release|x86
	EndGlobalSection
	GlobalSection(ProjectConfigurationPlatforms) = postSolution
		{5DA01906-DD86-4F1A-AF4C-4BE5CEAB4CC5}.Debug|Any CPU.ActiveCfg = Debug|Any CPU
		{5DA01906-DD86-4F1A-AF4C-4BE5CEAB4CC5}.Debug|Any CPU.Build.0 = Debug|Any CPU
		{5DA01906-DD86-4F1A-AF4C-4BE5CEAB4CC5}.Debug|x64.ActiveCfg = Debug|Any CPU
		{5DA01906-DD86-4F1A-AF4C-4BE5CEAB4CC5}.Debug|x64.Build.0 = Debug|Any CPU
		{5DA01906-DD86-4F1A-AF4C-4BE5CEAB4CC5}.Debug|x86.ActiveCfg = Debug|Any CPU
		{5DA01906-DD86-4F1A-AF4C-4BE5CEAB4CC5}.Debug|x86.Build.0 = Debug|Any CPU
		{5DA01906-DD86-4F1A-AF4C-4BE5CEAB4CC5}.Release|Any CPU.ActiveCfg = Release|Any CPU
		{5DA01906-DD86-4F1A-AF4C-4BE5CEAB4CC5}.Release|Any CPU.Build.0 = Release|Any CPU
		{5DA01906-DD86-4F1A-AF4C-4BE5CEAB4CC5}.Release|x64.ActiveCfg = Release|Any CPU
		{5DA01906-DD86-4F1A-AF4C-4BE5CEAB4CC5}.Release|x64.Build.0 = Release|Any CPU
		{5DA01906-DD86-4F1A-AF4C-4BE5CEAB4CC5}.Release|x86.ActiveCfg = Release|Any CPU
		{5DA01906-DD86-4F1A-AF4C-4BE5CEAB4CC5}.Release|x86.Build.0 = Release|Any CPU
		{CDC65FAC-F3E2-475A-A82F-819B1AB8947C}.Debug|Any CPU.ActiveCfg = Debug|Any CPU
		{CDC65FAC-F3E2-475A-A82F-819B1AB8947C}.Debug|Any CPU.Build.0 = Debug|Any CPU
		{CDC65FAC-F3E2-475A-A82F-819B1AB8947C}.Debug|x64.ActiveCfg = Debug|Any CPU
		{CDC65FAC-F3E2-475A-A82F-819B1AB8947C}.Debug|x64.Build.0 = Debug|Any CPU
		{CDC65FAC-F3E2-475A-A82F-819B1AB8947C}.Debug|x86.ActiveCfg = Debug|Any CPU
		{CDC65FAC-F3E2-475A-A82F-819B1AB8947C}.Debug|x86.Build.0 = Debug|Any CPU
		{CDC65FAC-F3E2-475A-A82F-819B1AB8947C}.Release|Any CPU.ActiveCfg = Release|Any CPU
		{CDC65FAC-F3E2-475A-A82F-819B1AB8947C}.Release|Any CPU.Build.0 = Release|Any CPU
		{CDC65FAC-F3E2-475A-A82F-819B1AB8947C}.Release|x64.ActiveCfg = Release|Any CPU
		{CDC65FAC-F3E2-475A-A82F-819B1AB8947C}.Release|x64.Build.0 = Release|Any CPU
		{CDC65FAC-F3E2-475A-A82F-819B1AB8947C}.Release|x86.ActiveCfg = Release|Any CPU
		{CDC65FAC-F3E2-475A-A82F-819B1AB8947C}.Release|x86.Build.0 = Release|Any CPU
		{3C2508DE-BE87-47A8-B426-E37D8C0F4EF9}.Debug|Any CPU.ActiveCfg = Debug|Any CPU
		{3C2508DE-BE87-47A8-B426-E37D8C0F4EF9}.Debug|Any CPU.Build.0 = Debug|Any CPU
		{3C2508DE-BE87-47A8-B426-E37D8C0F4EF9}.Debug|x64.ActiveCfg = Debug|Any CPU
		{3C2508DE-BE87-47A8-B426-E37D8C0F4EF9}.Debug|x64.Build.0 = Debug|Any CPU
		{3C2508DE-BE87-47A8-B426-E37D8C0F4EF9}.Debug|x86.ActiveCfg = Debug|Any CPU
		{3C2508DE-BE87-47A8-B426-E37D8C0F4EF9}.Debug|x86.Build.0 = Debug|Any CPU
		{3C2508DE-BE87-47A8-B426-E37D8C0F4EF9}.Release|Any CPU.ActiveCfg = Release|Any CPU
		{3C2508DE-BE87-47A8-B426-E37D8C0F4EF9}.Release|Any CPU.Build.0 = Release|Any CPU
		{3C2508DE-BE87-47A8-B426-E37D8C0F4EF9}.Release|x64.ActiveCfg = Release|Any CPU
		{3C2508DE-BE87-47A8-B426-E37D8C0F4EF9}.Release|x64.Build.0 = Release|Any CPU
		{3C2508DE-BE87-47A8-B426-E37D8C0F4EF9}.Release|x86.ActiveCfg = Release|Any CPU
		{3C2508DE-BE87-47A8-B426-E37D8C0F4EF9}.Release|x86.Build.0 = Release|Any CPU
		{99CFEE9B-D68A-436B-A82E-14BB031FF1D9}.Debug|Any CPU.ActiveCfg = Debug|Any CPU
		{99CFEE9B-D68A-436B-A82E-14BB031FF1D9}.Debug|Any CPU.Build.0 = Debug|Any CPU
		{99CFEE9B-D68A-436B-A82E-14BB031FF1D9}.Debug|x64.ActiveCfg = Debug|Any CPU
		{99CFEE9B-D68A-436B-A82E-14BB031FF1D9}.Debug|x64.Build.0 = Debug|Any CPU
		{99CFEE9B-D68A-436B-A82E-14BB031FF1D9}.Debug|x86.ActiveCfg = Debug|Any CPU
		{99CFEE9B-D68A-436B-A82E-14BB031FF1D9}.Debug|x86.Build.0 = Debug|Any CPU
		{99CFEE9B-D68A-436B-A82E-14BB031FF1D9}.Release|Any CPU.ActiveCfg = Release|Any CPU
		{99CFEE9B-D68A-436B-A82E-14BB031FF1D9}.Release|Any CPU.Build.0 = Release|Any CPU
		{99CFEE9B-D68A-436B-A82E-14BB031FF1D9}.Release|x64.ActiveCfg = Release|Any CPU
		{99CFEE9B-D68A-436B-A82E-14BB031FF1D9}.Release|x64.Build.0 = Release|Any CPU
		{99CFEE9B-D68A-436B-A82E-14BB031FF1D9}.Release|x86.ActiveCfg = Release|Any CPU
		{99CFEE9B-D68A-436B-A82E-14BB031FF1D9}.Release|x86.Build.0 = Release|Any CPU
		{11D61A7E-4AC5-4A6A-9B2A-A626066E528C}.Debug|Any CPU.ActiveCfg = Debug|Any CPU
		{11D61A7E-4AC5-4A6A-9B2A-A626066E528C}.Debug|Any CPU.Build.0 = Debug|Any CPU
		{11D61A7E-4AC5-4A6A-9B2A-A626066E528C}.Debug|x64.ActiveCfg = Debug|Any CPU
		{11D61A7E-4AC5-4A6A-9B2A-A626066E528C}.Debug|x64.Build.0 = Debug|Any CPU
		{11D61A7E-4AC5-4A6A-9B2A-A626066E528C}.Debug|x86.ActiveCfg = Debug|Any CPU
		{11D61A7E-4AC5-4A6A-9B2A-A626066E528C}.Debug|x86.Build.0 = Debug|Any CPU
		{11D61A7E-4AC5-4A6A-9B2A-A626066E528C}.Release|Any CPU.ActiveCfg = Release|Any CPU
		{11D61A7E-4AC5-4A6A-9B2A-A626066E528C}.Release|Any CPU.Build.0 = Release|Any CPU
		{11D61A7E-4AC5-4A6A-9B2A-A626066E528C}.Release|x64.ActiveCfg = Release|Any CPU
		{11D61A7E-4AC5-4A6A-9B2A-A626066E528C}.Release|x64.Build.0 = Release|Any CPU
		{11D61A7E-4AC5-4A6A-9B2A-A626066E528C}.Release|x86.ActiveCfg = Release|Any CPU
		{11D61A7E-4AC5-4A6A-9B2A-A626066E528C}.Release|x86.Build.0 = Release|Any CPU
		{DCA98BB2-7A6D-4851-B801-1125B28754BD}.Debug|Any CPU.ActiveCfg = Debug|Any CPU
		{DCA98BB2-7A6D-4851-B801-1125B28754BD}.Debug|Any CPU.Build.0 = Debug|Any CPU
		{DCA98BB2-7A6D-4851-B801-1125B28754BD}.Debug|x64.ActiveCfg = Debug|Any CPU
		{DCA98BB2-7A6D-4851-B801-1125B28754BD}.Debug|x64.Build.0 = Debug|Any CPU
		{DCA98BB2-7A6D-4851-B801-1125B28754BD}.Debug|x86.ActiveCfg = Debug|Any CPU
		{DCA98BB2-7A6D-4851-B801-1125B28754BD}.Debug|x86.Build.0 = Debug|Any CPU
		{DCA98BB2-7A6D-4851-B801-1125B28754BD}.Release|Any CPU.ActiveCfg = Release|Any CPU
		{DCA98BB2-7A6D-4851-B801-1125B28754BD}.Release|Any CPU.Build.0 = Release|Any CPU
		{DCA98BB2-7A6D-4851-B801-1125B28754BD}.Release|x64.ActiveCfg = Release|Any CPU
		{DCA98BB2-7A6D-4851-B801-1125B28754BD}.Release|x64.Build.0 = Release|Any CPU
		{DCA98BB2-7A6D-4851-B801-1125B28754BD}.Release|x86.ActiveCfg = Release|Any CPU
		{DCA98BB2-7A6D-4851-B801-1125B28754BD}.Release|x86.Build.0 = Release|Any CPU
		{5D5F2C8E-D63B-4CE3-BE56-02E3F4859576}.Debug|Any CPU.ActiveCfg = Debug|Any CPU
		{5D5F2C8E-D63B-4CE3-BE56-02E3F4859576}.Debug|Any CPU.Build.0 = Debug|Any CPU
		{5D5F2C8E-D63B-4CE3-BE56-02E3F4859576}.Debug|x64.ActiveCfg = Debug|Any CPU
		{5D5F2C8E-D63B-4CE3-BE56-02E3F4859576}.Debug|x64.Build.0 = Debug|Any CPU
		{5D5F2C8E-D63B-4CE3-BE56-02E3F4859576}.Debug|x86.ActiveCfg = Debug|Any CPU
		{5D5F2C8E-D63B-4CE3-BE56-02E3F4859576}.Debug|x86.Build.0 = Debug|Any CPU
		{5D5F2C8E-D63B-4CE3-BE56-02E3F4859576}.Release|Any CPU.ActiveCfg = Release|Any CPU
		{5D5F2C8E-D63B-4CE3-BE56-02E3F4859576}.Release|Any CPU.Build.0 = Release|Any CPU
		{5D5F2C8E-D63B-4CE3-BE56-02E3F4859576}.Release|x64.ActiveCfg = Release|Any CPU
		{5D5F2C8E-D63B-4CE3-BE56-02E3F4859576}.Release|x64.Build.0 = Release|Any CPU
		{5D5F2C8E-D63B-4CE3-BE56-02E3F4859576}.Release|x86.ActiveCfg = Release|Any CPU
		{5D5F2C8E-D63B-4CE3-BE56-02E3F4859576}.Release|x86.Build.0 = Release|Any CPU
		{6DC39E8A-447E-4666-8ED2-F3294A2066C8}.Debug|Any CPU.ActiveCfg = Debug|Any CPU
		{6DC39E8A-447E-4666-8ED2-F3294A2066C8}.Debug|Any CPU.Build.0 = Debug|Any CPU
		{6DC39E8A-447E-4666-8ED2-F3294A2066C8}.Debug|x64.ActiveCfg = Debug|Any CPU
		{6DC39E8A-447E-4666-8ED2-F3294A2066C8}.Debug|x64.Build.0 = Debug|Any CPU
		{6DC39E8A-447E-4666-8ED2-F3294A2066C8}.Debug|x86.ActiveCfg = Debug|Any CPU
		{6DC39E8A-447E-4666-8ED2-F3294A2066C8}.Debug|x86.Build.0 = Debug|Any CPU
		{6DC39E8A-447E-4666-8ED2-F3294A2066C8}.Release|Any CPU.ActiveCfg = Release|Any CPU
		{6DC39E8A-447E-4666-8ED2-F3294A2066C8}.Release|Any CPU.Build.0 = Release|Any CPU
		{6DC39E8A-447E-4666-8ED2-F3294A2066C8}.Release|x64.ActiveCfg = Release|Any CPU
		{6DC39E8A-447E-4666-8ED2-F3294A2066C8}.Release|x64.Build.0 = Release|Any CPU
		{6DC39E8A-447E-4666-8ED2-F3294A2066C8}.Release|x86.ActiveCfg = Release|Any CPU
		{6DC39E8A-447E-4666-8ED2-F3294A2066C8}.Release|x86.Build.0 = Release|Any CPU
		{EAC783F2-6264-4D4E-951C-006EC609C72A}.Debug|Any CPU.ActiveCfg = Debug|Any CPU
		{EAC783F2-6264-4D4E-951C-006EC609C72A}.Debug|Any CPU.Build.0 = Debug|Any CPU
		{EAC783F2-6264-4D4E-951C-006EC609C72A}.Debug|x64.ActiveCfg = Debug|Any CPU
		{EAC783F2-6264-4D4E-951C-006EC609C72A}.Debug|x64.Build.0 = Debug|Any CPU
		{EAC783F2-6264-4D4E-951C-006EC609C72A}.Debug|x86.ActiveCfg = Debug|Any CPU
		{EAC783F2-6264-4D4E-951C-006EC609C72A}.Debug|x86.Build.0 = Debug|Any CPU
		{EAC783F2-6264-4D4E-951C-006EC609C72A}.Release|Any CPU.ActiveCfg = Release|Any CPU
		{EAC783F2-6264-4D4E-951C-006EC609C72A}.Release|Any CPU.Build.0 = Release|Any CPU
		{EAC783F2-6264-4D4E-951C-006EC609C72A}.Release|x64.ActiveCfg = Release|Any CPU
		{EAC783F2-6264-4D4E-951C-006EC609C72A}.Release|x64.Build.0 = Release|Any CPU
		{EAC783F2-6264-4D4E-951C-006EC609C72A}.Release|x86.ActiveCfg = Release|Any CPU
		{EAC783F2-6264-4D4E-951C-006EC609C72A}.Release|x86.Build.0 = Release|Any CPU
		{B041E66C-256B-4512-AC35-B7D7318F774A}.Debug|Any CPU.ActiveCfg = Debug|Any CPU
		{B041E66C-256B-4512-AC35-B7D7318F774A}.Debug|Any CPU.Build.0 = Debug|Any CPU
		{B041E66C-256B-4512-AC35-B7D7318F774A}.Debug|x64.ActiveCfg = Debug|Any CPU
		{B041E66C-256B-4512-AC35-B7D7318F774A}.Debug|x64.Build.0 = Debug|Any CPU
		{B041E66C-256B-4512-AC35-B7D7318F774A}.Debug|x86.ActiveCfg = Debug|Any CPU
		{B041E66C-256B-4512-AC35-B7D7318F774A}.Debug|x86.Build.0 = Debug|Any CPU
		{B041E66C-256B-4512-AC35-B7D7318F774A}.Release|Any CPU.ActiveCfg = Release|Any CPU
		{B041E66C-256B-4512-AC35-B7D7318F774A}.Release|Any CPU.Build.0 = Release|Any CPU
		{B041E66C-256B-4512-AC35-B7D7318F774A}.Release|x64.ActiveCfg = Release|Any CPU
		{B041E66C-256B-4512-AC35-B7D7318F774A}.Release|x64.Build.0 = Release|Any CPU
		{B041E66C-256B-4512-AC35-B7D7318F774A}.Release|x86.ActiveCfg = Release|Any CPU
		{B041E66C-256B-4512-AC35-B7D7318F774A}.Release|x86.Build.0 = Release|Any CPU
		{2C49C3C2-3FF6-4293-A693-14DF3F633E2F}.Debug|Any CPU.ActiveCfg = Debug|Any CPU
		{2C49C3C2-3FF6-4293-A693-14DF3F633E2F}.Debug|Any CPU.Build.0 = Debug|Any CPU
		{2C49C3C2-3FF6-4293-A693-14DF3F633E2F}.Debug|x64.ActiveCfg = Debug|Any CPU
		{2C49C3C2-3FF6-4293-A693-14DF3F633E2F}.Debug|x64.Build.0 = Debug|Any CPU
		{2C49C3C2-3FF6-4293-A693-14DF3F633E2F}.Debug|x86.ActiveCfg = Debug|Any CPU
		{2C49C3C2-3FF6-4293-A693-14DF3F633E2F}.Debug|x86.Build.0 = Debug|Any CPU
		{2C49C3C2-3FF6-4293-A693-14DF3F633E2F}.Release|Any CPU.ActiveCfg = Release|Any CPU
		{2C49C3C2-3FF6-4293-A693-14DF3F633E2F}.Release|Any CPU.Build.0 = Release|Any CPU
		{2C49C3C2-3FF6-4293-A693-14DF3F633E2F}.Release|x64.ActiveCfg = Release|Any CPU
		{2C49C3C2-3FF6-4293-A693-14DF3F633E2F}.Release|x64.Build.0 = Release|Any CPU
		{2C49C3C2-3FF6-4293-A693-14DF3F633E2F}.Release|x86.ActiveCfg = Release|Any CPU
		{2C49C3C2-3FF6-4293-A693-14DF3F633E2F}.Release|x86.Build.0 = Release|Any CPU
		{28D63D44-6FC0-41D2-899F-624560BBB4A8}.Debug|Any CPU.ActiveCfg = Debug|Any CPU
		{28D63D44-6FC0-41D2-899F-624560BBB4A8}.Debug|Any CPU.Build.0 = Debug|Any CPU
		{28D63D44-6FC0-41D2-899F-624560BBB4A8}.Debug|x64.ActiveCfg = Debug|Any CPU
		{28D63D44-6FC0-41D2-899F-624560BBB4A8}.Debug|x64.Build.0 = Debug|Any CPU
		{28D63D44-6FC0-41D2-899F-624560BBB4A8}.Debug|x86.ActiveCfg = Debug|Any CPU
		{28D63D44-6FC0-41D2-899F-624560BBB4A8}.Debug|x86.Build.0 = Debug|Any CPU
		{28D63D44-6FC0-41D2-899F-624560BBB4A8}.Release|Any CPU.ActiveCfg = Release|Any CPU
		{28D63D44-6FC0-41D2-899F-624560BBB4A8}.Release|Any CPU.Build.0 = Release|Any CPU
		{28D63D44-6FC0-41D2-899F-624560BBB4A8}.Release|x64.ActiveCfg = Release|Any CPU
		{28D63D44-6FC0-41D2-899F-624560BBB4A8}.Release|x64.Build.0 = Release|Any CPU
		{28D63D44-6FC0-41D2-899F-624560BBB4A8}.Release|x86.ActiveCfg = Release|Any CPU
		{28D63D44-6FC0-41D2-899F-624560BBB4A8}.Release|x86.Build.0 = Release|Any CPU
		{9178A881-736B-4056-9575-74FFA17A5BBF}.Debug|Any CPU.ActiveCfg = Debug|Any CPU
		{9178A881-736B-4056-9575-74FFA17A5BBF}.Debug|Any CPU.Build.0 = Debug|Any CPU
		{9178A881-736B-4056-9575-74FFA17A5BBF}.Debug|x64.ActiveCfg = Debug|Any CPU
		{9178A881-736B-4056-9575-74FFA17A5BBF}.Debug|x64.Build.0 = Debug|Any CPU
		{9178A881-736B-4056-9575-74FFA17A5BBF}.Debug|x86.ActiveCfg = Debug|Any CPU
		{9178A881-736B-4056-9575-74FFA17A5BBF}.Debug|x86.Build.0 = Debug|Any CPU
		{9178A881-736B-4056-9575-74FFA17A5BBF}.Release|Any CPU.ActiveCfg = Release|Any CPU
		{9178A881-736B-4056-9575-74FFA17A5BBF}.Release|Any CPU.Build.0 = Release|Any CPU
		{9178A881-736B-4056-9575-74FFA17A5BBF}.Release|x64.ActiveCfg = Release|Any CPU
		{9178A881-736B-4056-9575-74FFA17A5BBF}.Release|x64.Build.0 = Release|Any CPU
		{9178A881-736B-4056-9575-74FFA17A5BBF}.Release|x86.ActiveCfg = Release|Any CPU
		{9178A881-736B-4056-9575-74FFA17A5BBF}.Release|x86.Build.0 = Release|Any CPU
		{BD9447DB-7CF2-4FA7-8427-698F8C40F1AA}.Debug|Any CPU.ActiveCfg = Debug|Any CPU
		{BD9447DB-7CF2-4FA7-8427-698F8C40F1AA}.Debug|Any CPU.Build.0 = Debug|Any CPU
		{BD9447DB-7CF2-4FA7-8427-698F8C40F1AA}.Debug|x64.ActiveCfg = Debug|Any CPU
		{BD9447DB-7CF2-4FA7-8427-698F8C40F1AA}.Debug|x64.Build.0 = Debug|Any CPU
		{BD9447DB-7CF2-4FA7-8427-698F8C40F1AA}.Debug|x86.ActiveCfg = Debug|Any CPU
		{BD9447DB-7CF2-4FA7-8427-698F8C40F1AA}.Debug|x86.Build.0 = Debug|Any CPU
		{BD9447DB-7CF2-4FA7-8427-698F8C40F1AA}.Release|Any CPU.ActiveCfg = Release|Any CPU
		{BD9447DB-7CF2-4FA7-8427-698F8C40F1AA}.Release|Any CPU.Build.0 = Release|Any CPU
		{BD9447DB-7CF2-4FA7-8427-698F8C40F1AA}.Release|x64.ActiveCfg = Release|Any CPU
		{BD9447DB-7CF2-4FA7-8427-698F8C40F1AA}.Release|x64.Build.0 = Release|Any CPU
		{BD9447DB-7CF2-4FA7-8427-698F8C40F1AA}.Release|x86.ActiveCfg = Release|Any CPU
		{BD9447DB-7CF2-4FA7-8427-698F8C40F1AA}.Release|x86.Build.0 = Release|Any CPU
		{5C3CD037-4D21-4777-9F7D-77811FCF77A8}.Debug|Any CPU.ActiveCfg = Debug|Any CPU
		{5C3CD037-4D21-4777-9F7D-77811FCF77A8}.Debug|Any CPU.Build.0 = Debug|Any CPU
		{5C3CD037-4D21-4777-9F7D-77811FCF77A8}.Debug|x64.ActiveCfg = Debug|Any CPU
		{5C3CD037-4D21-4777-9F7D-77811FCF77A8}.Debug|x64.Build.0 = Debug|Any CPU
		{5C3CD037-4D21-4777-9F7D-77811FCF77A8}.Debug|x86.ActiveCfg = Debug|Any CPU
		{5C3CD037-4D21-4777-9F7D-77811FCF77A8}.Debug|x86.Build.0 = Debug|Any CPU
		{5C3CD037-4D21-4777-9F7D-77811FCF77A8}.Release|Any CPU.ActiveCfg = Release|Any CPU
		{5C3CD037-4D21-4777-9F7D-77811FCF77A8}.Release|Any CPU.Build.0 = Release|Any CPU
		{5C3CD037-4D21-4777-9F7D-77811FCF77A8}.Release|x64.ActiveCfg = Release|Any CPU
		{5C3CD037-4D21-4777-9F7D-77811FCF77A8}.Release|x64.Build.0 = Release|Any CPU
		{5C3CD037-4D21-4777-9F7D-77811FCF77A8}.Release|x86.ActiveCfg = Release|Any CPU
		{5C3CD037-4D21-4777-9F7D-77811FCF77A8}.Release|x86.Build.0 = Release|Any CPU
		{FF639B0A-A322-4D29-88BC-308ABE1D4184}.Debug|Any CPU.ActiveCfg = Debug|Any CPU
		{FF639B0A-A322-4D29-88BC-308ABE1D4184}.Debug|Any CPU.Build.0 = Debug|Any CPU
		{FF639B0A-A322-4D29-88BC-308ABE1D4184}.Debug|x64.ActiveCfg = Debug|Any CPU
		{FF639B0A-A322-4D29-88BC-308ABE1D4184}.Debug|x64.Build.0 = Debug|Any CPU
		{FF639B0A-A322-4D29-88BC-308ABE1D4184}.Debug|x86.ActiveCfg = Debug|Any CPU
		{FF639B0A-A322-4D29-88BC-308ABE1D4184}.Debug|x86.Build.0 = Debug|Any CPU
		{FF639B0A-A322-4D29-88BC-308ABE1D4184}.Release|Any CPU.ActiveCfg = Release|Any CPU
		{FF639B0A-A322-4D29-88BC-308ABE1D4184}.Release|Any CPU.Build.0 = Release|Any CPU
		{FF639B0A-A322-4D29-88BC-308ABE1D4184}.Release|x64.ActiveCfg = Release|Any CPU
		{FF639B0A-A322-4D29-88BC-308ABE1D4184}.Release|x64.Build.0 = Release|Any CPU
		{FF639B0A-A322-4D29-88BC-308ABE1D4184}.Release|x86.ActiveCfg = Release|Any CPU
		{FF639B0A-A322-4D29-88BC-308ABE1D4184}.Release|x86.Build.0 = Release|Any CPU
		{BEAF6B86-A229-4663-B22D-98E75442E838}.Debug|Any CPU.ActiveCfg = Debug|Any CPU
		{BEAF6B86-A229-4663-B22D-98E75442E838}.Debug|Any CPU.Build.0 = Debug|Any CPU
		{BEAF6B86-A229-4663-B22D-98E75442E838}.Debug|x64.ActiveCfg = Debug|Any CPU
		{BEAF6B86-A229-4663-B22D-98E75442E838}.Debug|x64.Build.0 = Debug|Any CPU
		{BEAF6B86-A229-4663-B22D-98E75442E838}.Debug|x86.ActiveCfg = Debug|Any CPU
		{BEAF6B86-A229-4663-B22D-98E75442E838}.Debug|x86.Build.0 = Debug|Any CPU
		{BEAF6B86-A229-4663-B22D-98E75442E838}.Release|Any CPU.ActiveCfg = Release|Any CPU
		{BEAF6B86-A229-4663-B22D-98E75442E838}.Release|Any CPU.Build.0 = Release|Any CPU
		{BEAF6B86-A229-4663-B22D-98E75442E838}.Release|x64.ActiveCfg = Release|Any CPU
		{BEAF6B86-A229-4663-B22D-98E75442E838}.Release|x64.Build.0 = Release|Any CPU
		{BEAF6B86-A229-4663-B22D-98E75442E838}.Release|x86.ActiveCfg = Release|Any CPU
		{BEAF6B86-A229-4663-B22D-98E75442E838}.Release|x86.Build.0 = Release|Any CPU
		{EC33E25A-A6C8-4257-BD97-6B55CA65E12E}.Debug|Any CPU.ActiveCfg = Debug|Any CPU
		{EC33E25A-A6C8-4257-BD97-6B55CA65E12E}.Debug|Any CPU.Build.0 = Debug|Any CPU
		{EC33E25A-A6C8-4257-BD97-6B55CA65E12E}.Debug|x64.ActiveCfg = Debug|Any CPU
		{EC33E25A-A6C8-4257-BD97-6B55CA65E12E}.Debug|x64.Build.0 = Debug|Any CPU
		{EC33E25A-A6C8-4257-BD97-6B55CA65E12E}.Debug|x86.ActiveCfg = Debug|Any CPU
		{EC33E25A-A6C8-4257-BD97-6B55CA65E12E}.Debug|x86.Build.0 = Debug|Any CPU
		{EC33E25A-A6C8-4257-BD97-6B55CA65E12E}.Release|Any CPU.ActiveCfg = Release|Any CPU
		{EC33E25A-A6C8-4257-BD97-6B55CA65E12E}.Release|Any CPU.Build.0 = Release|Any CPU
		{EC33E25A-A6C8-4257-BD97-6B55CA65E12E}.Release|x64.ActiveCfg = Release|Any CPU
		{EC33E25A-A6C8-4257-BD97-6B55CA65E12E}.Release|x64.Build.0 = Release|Any CPU
		{EC33E25A-A6C8-4257-BD97-6B55CA65E12E}.Release|x86.ActiveCfg = Release|Any CPU
		{EC33E25A-A6C8-4257-BD97-6B55CA65E12E}.Release|x86.Build.0 = Release|Any CPU
		{1364DA8A-22B3-47D6-A476-250BF86D15AA}.Debug|Any CPU.ActiveCfg = Debug|Any CPU
		{1364DA8A-22B3-47D6-A476-250BF86D15AA}.Debug|Any CPU.Build.0 = Debug|Any CPU
		{1364DA8A-22B3-47D6-A476-250BF86D15AA}.Debug|x64.ActiveCfg = Debug|Any CPU
		{1364DA8A-22B3-47D6-A476-250BF86D15AA}.Debug|x64.Build.0 = Debug|Any CPU
		{1364DA8A-22B3-47D6-A476-250BF86D15AA}.Debug|x86.ActiveCfg = Debug|Any CPU
		{1364DA8A-22B3-47D6-A476-250BF86D15AA}.Debug|x86.Build.0 = Debug|Any CPU
		{1364DA8A-22B3-47D6-A476-250BF86D15AA}.Release|Any CPU.ActiveCfg = Release|Any CPU
		{1364DA8A-22B3-47D6-A476-250BF86D15AA}.Release|Any CPU.Build.0 = Release|Any CPU
		{1364DA8A-22B3-47D6-A476-250BF86D15AA}.Release|x64.ActiveCfg = Release|Any CPU
		{1364DA8A-22B3-47D6-A476-250BF86D15AA}.Release|x64.Build.0 = Release|Any CPU
		{1364DA8A-22B3-47D6-A476-250BF86D15AA}.Release|x86.ActiveCfg = Release|Any CPU
		{1364DA8A-22B3-47D6-A476-250BF86D15AA}.Release|x86.Build.0 = Release|Any CPU
		{30E42EDC-E712-4806-A660-E0013C4F4B36}.Debug|Any CPU.ActiveCfg = Debug|Any CPU
		{30E42EDC-E712-4806-A660-E0013C4F4B36}.Debug|Any CPU.Build.0 = Debug|Any CPU
		{30E42EDC-E712-4806-A660-E0013C4F4B36}.Debug|x64.ActiveCfg = Debug|Any CPU
		{30E42EDC-E712-4806-A660-E0013C4F4B36}.Debug|x64.Build.0 = Debug|Any CPU
		{30E42EDC-E712-4806-A660-E0013C4F4B36}.Debug|x86.ActiveCfg = Debug|Any CPU
		{30E42EDC-E712-4806-A660-E0013C4F4B36}.Debug|x86.Build.0 = Debug|Any CPU
		{30E42EDC-E712-4806-A660-E0013C4F4B36}.Release|Any CPU.ActiveCfg = Release|Any CPU
		{30E42EDC-E712-4806-A660-E0013C4F4B36}.Release|Any CPU.Build.0 = Release|Any CPU
		{30E42EDC-E712-4806-A660-E0013C4F4B36}.Release|x64.ActiveCfg = Release|Any CPU
		{30E42EDC-E712-4806-A660-E0013C4F4B36}.Release|x64.Build.0 = Release|Any CPU
		{30E42EDC-E712-4806-A660-E0013C4F4B36}.Release|x86.ActiveCfg = Release|Any CPU
		{30E42EDC-E712-4806-A660-E0013C4F4B36}.Release|x86.Build.0 = Release|Any CPU
		{EDBF6777-FF4B-4100-83E3-4EB81D70AF67}.Debug|Any CPU.ActiveCfg = Debug|Any CPU
		{EDBF6777-FF4B-4100-83E3-4EB81D70AF67}.Debug|Any CPU.Build.0 = Debug|Any CPU
		{EDBF6777-FF4B-4100-83E3-4EB81D70AF67}.Debug|x64.ActiveCfg = Debug|Any CPU
		{EDBF6777-FF4B-4100-83E3-4EB81D70AF67}.Debug|x64.Build.0 = Debug|Any CPU
		{EDBF6777-FF4B-4100-83E3-4EB81D70AF67}.Debug|x86.ActiveCfg = Debug|Any CPU
		{EDBF6777-FF4B-4100-83E3-4EB81D70AF67}.Debug|x86.Build.0 = Debug|Any CPU
		{EDBF6777-FF4B-4100-83E3-4EB81D70AF67}.Release|Any CPU.ActiveCfg = Release|Any CPU
		{EDBF6777-FF4B-4100-83E3-4EB81D70AF67}.Release|Any CPU.Build.0 = Release|Any CPU
		{EDBF6777-FF4B-4100-83E3-4EB81D70AF67}.Release|x64.ActiveCfg = Release|Any CPU
		{EDBF6777-FF4B-4100-83E3-4EB81D70AF67}.Release|x64.Build.0 = Release|Any CPU
		{EDBF6777-FF4B-4100-83E3-4EB81D70AF67}.Release|x86.ActiveCfg = Release|Any CPU
		{EDBF6777-FF4B-4100-83E3-4EB81D70AF67}.Release|x86.Build.0 = Release|Any CPU
		{D1C95281-3BE9-4765-A6A7-460C432F82B4}.Debug|Any CPU.ActiveCfg = Debug|Any CPU
		{D1C95281-3BE9-4765-A6A7-460C432F82B4}.Debug|Any CPU.Build.0 = Debug|Any CPU
		{D1C95281-3BE9-4765-A6A7-460C432F82B4}.Debug|x64.ActiveCfg = Debug|Any CPU
		{D1C95281-3BE9-4765-A6A7-460C432F82B4}.Debug|x64.Build.0 = Debug|Any CPU
		{D1C95281-3BE9-4765-A6A7-460C432F82B4}.Debug|x86.ActiveCfg = Debug|Any CPU
		{D1C95281-3BE9-4765-A6A7-460C432F82B4}.Debug|x86.Build.0 = Debug|Any CPU
		{D1C95281-3BE9-4765-A6A7-460C432F82B4}.Release|Any CPU.ActiveCfg = Release|Any CPU
		{D1C95281-3BE9-4765-A6A7-460C432F82B4}.Release|Any CPU.Build.0 = Release|Any CPU
		{D1C95281-3BE9-4765-A6A7-460C432F82B4}.Release|x64.ActiveCfg = Release|Any CPU
		{D1C95281-3BE9-4765-A6A7-460C432F82B4}.Release|x64.Build.0 = Release|Any CPU
		{D1C95281-3BE9-4765-A6A7-460C432F82B4}.Release|x86.ActiveCfg = Release|Any CPU
		{D1C95281-3BE9-4765-A6A7-460C432F82B4}.Release|x86.Build.0 = Release|Any CPU
		{459DC07F-7B61-4D9A-BE65-C3491DDEBF48}.Debug|Any CPU.ActiveCfg = Debug|Any CPU
		{459DC07F-7B61-4D9A-BE65-C3491DDEBF48}.Debug|Any CPU.Build.0 = Debug|Any CPU
		{459DC07F-7B61-4D9A-BE65-C3491DDEBF48}.Debug|x64.ActiveCfg = Debug|Any CPU
		{459DC07F-7B61-4D9A-BE65-C3491DDEBF48}.Debug|x64.Build.0 = Debug|Any CPU
		{459DC07F-7B61-4D9A-BE65-C3491DDEBF48}.Debug|x86.ActiveCfg = Debug|Any CPU
		{459DC07F-7B61-4D9A-BE65-C3491DDEBF48}.Debug|x86.Build.0 = Debug|Any CPU
		{459DC07F-7B61-4D9A-BE65-C3491DDEBF48}.Release|Any CPU.ActiveCfg = Release|Any CPU
		{459DC07F-7B61-4D9A-BE65-C3491DDEBF48}.Release|Any CPU.Build.0 = Release|Any CPU
		{459DC07F-7B61-4D9A-BE65-C3491DDEBF48}.Release|x64.ActiveCfg = Release|Any CPU
		{459DC07F-7B61-4D9A-BE65-C3491DDEBF48}.Release|x64.Build.0 = Release|Any CPU
		{459DC07F-7B61-4D9A-BE65-C3491DDEBF48}.Release|x86.ActiveCfg = Release|Any CPU
		{459DC07F-7B61-4D9A-BE65-C3491DDEBF48}.Release|x86.Build.0 = Release|Any CPU
		{9D449C6E-6DD2-4DCB-948C-5545723278A3}.Debug|Any CPU.ActiveCfg = Debug|Any CPU
		{9D449C6E-6DD2-4DCB-948C-5545723278A3}.Debug|Any CPU.Build.0 = Debug|Any CPU
		{9D449C6E-6DD2-4DCB-948C-5545723278A3}.Debug|x64.ActiveCfg = Debug|Any CPU
		{9D449C6E-6DD2-4DCB-948C-5545723278A3}.Debug|x64.Build.0 = Debug|Any CPU
		{9D449C6E-6DD2-4DCB-948C-5545723278A3}.Debug|x86.ActiveCfg = Debug|Any CPU
		{9D449C6E-6DD2-4DCB-948C-5545723278A3}.Debug|x86.Build.0 = Debug|Any CPU
		{9D449C6E-6DD2-4DCB-948C-5545723278A3}.Release|Any CPU.ActiveCfg = Release|Any CPU
		{9D449C6E-6DD2-4DCB-948C-5545723278A3}.Release|Any CPU.Build.0 = Release|Any CPU
		{9D449C6E-6DD2-4DCB-948C-5545723278A3}.Release|x64.ActiveCfg = Release|Any CPU
		{9D449C6E-6DD2-4DCB-948C-5545723278A3}.Release|x64.Build.0 = Release|Any CPU
		{9D449C6E-6DD2-4DCB-948C-5545723278A3}.Release|x86.ActiveCfg = Release|Any CPU
		{9D449C6E-6DD2-4DCB-948C-5545723278A3}.Release|x86.Build.0 = Release|Any CPU
		{EB7C56CC-7964-43E5-8BFE-639208458212}.Debug|Any CPU.ActiveCfg = Debug|Any CPU
		{EB7C56CC-7964-43E5-8BFE-639208458212}.Debug|Any CPU.Build.0 = Debug|Any CPU
		{EB7C56CC-7964-43E5-8BFE-639208458212}.Debug|x64.ActiveCfg = Debug|Any CPU
		{EB7C56CC-7964-43E5-8BFE-639208458212}.Debug|x64.Build.0 = Debug|Any CPU
		{EB7C56CC-7964-43E5-8BFE-639208458212}.Debug|x86.ActiveCfg = Debug|Any CPU
		{EB7C56CC-7964-43E5-8BFE-639208458212}.Debug|x86.Build.0 = Debug|Any CPU
		{EB7C56CC-7964-43E5-8BFE-639208458212}.Release|Any CPU.ActiveCfg = Release|Any CPU
		{EB7C56CC-7964-43E5-8BFE-639208458212}.Release|Any CPU.Build.0 = Release|Any CPU
		{EB7C56CC-7964-43E5-8BFE-639208458212}.Release|x64.ActiveCfg = Release|Any CPU
		{EB7C56CC-7964-43E5-8BFE-639208458212}.Release|x64.Build.0 = Release|Any CPU
		{EB7C56CC-7964-43E5-8BFE-639208458212}.Release|x86.ActiveCfg = Release|Any CPU
		{EB7C56CC-7964-43E5-8BFE-639208458212}.Release|x86.Build.0 = Release|Any CPU
		{2ECFC912-8EDB-4FB2-9523-C14964F281E2}.Debug|Any CPU.ActiveCfg = Debug|Any CPU
		{2ECFC912-8EDB-4FB2-9523-C14964F281E2}.Debug|Any CPU.Build.0 = Debug|Any CPU
		{2ECFC912-8EDB-4FB2-9523-C14964F281E2}.Debug|x64.ActiveCfg = Debug|Any CPU
		{2ECFC912-8EDB-4FB2-9523-C14964F281E2}.Debug|x64.Build.0 = Debug|Any CPU
		{2ECFC912-8EDB-4FB2-9523-C14964F281E2}.Debug|x86.ActiveCfg = Debug|Any CPU
		{2ECFC912-8EDB-4FB2-9523-C14964F281E2}.Debug|x86.Build.0 = Debug|Any CPU
		{2ECFC912-8EDB-4FB2-9523-C14964F281E2}.Release|Any CPU.ActiveCfg = Release|Any CPU
		{2ECFC912-8EDB-4FB2-9523-C14964F281E2}.Release|Any CPU.Build.0 = Release|Any CPU
		{2ECFC912-8EDB-4FB2-9523-C14964F281E2}.Release|x64.ActiveCfg = Release|Any CPU
		{2ECFC912-8EDB-4FB2-9523-C14964F281E2}.Release|x64.Build.0 = Release|Any CPU
		{2ECFC912-8EDB-4FB2-9523-C14964F281E2}.Release|x86.ActiveCfg = Release|Any CPU
		{2ECFC912-8EDB-4FB2-9523-C14964F281E2}.Release|x86.Build.0 = Release|Any CPU
		{428E65BE-5012-4D6E-B6A3-00EE56C18959}.Debug|Any CPU.ActiveCfg = Debug|Any CPU
		{428E65BE-5012-4D6E-B6A3-00EE56C18959}.Debug|Any CPU.Build.0 = Debug|Any CPU
		{428E65BE-5012-4D6E-B6A3-00EE56C18959}.Debug|x64.ActiveCfg = Debug|Any CPU
		{428E65BE-5012-4D6E-B6A3-00EE56C18959}.Debug|x64.Build.0 = Debug|Any CPU
		{428E65BE-5012-4D6E-B6A3-00EE56C18959}.Debug|x86.ActiveCfg = Debug|Any CPU
		{428E65BE-5012-4D6E-B6A3-00EE56C18959}.Debug|x86.Build.0 = Debug|Any CPU
		{428E65BE-5012-4D6E-B6A3-00EE56C18959}.Release|Any CPU.ActiveCfg = Release|Any CPU
		{428E65BE-5012-4D6E-B6A3-00EE56C18959}.Release|Any CPU.Build.0 = Release|Any CPU
		{428E65BE-5012-4D6E-B6A3-00EE56C18959}.Release|x64.ActiveCfg = Release|Any CPU
		{428E65BE-5012-4D6E-B6A3-00EE56C18959}.Release|x64.Build.0 = Release|Any CPU
		{428E65BE-5012-4D6E-B6A3-00EE56C18959}.Release|x86.ActiveCfg = Release|Any CPU
		{428E65BE-5012-4D6E-B6A3-00EE56C18959}.Release|x86.Build.0 = Release|Any CPU
		{4A5635C4-9084-4A2C-B344-C1FBE03DFA7D}.Debug|Any CPU.ActiveCfg = Debug|Any CPU
		{4A5635C4-9084-4A2C-B344-C1FBE03DFA7D}.Debug|Any CPU.Build.0 = Debug|Any CPU
		{4A5635C4-9084-4A2C-B344-C1FBE03DFA7D}.Debug|x64.ActiveCfg = Debug|Any CPU
		{4A5635C4-9084-4A2C-B344-C1FBE03DFA7D}.Debug|x64.Build.0 = Debug|Any CPU
		{4A5635C4-9084-4A2C-B344-C1FBE03DFA7D}.Debug|x86.ActiveCfg = Debug|Any CPU
		{4A5635C4-9084-4A2C-B344-C1FBE03DFA7D}.Debug|x86.Build.0 = Debug|Any CPU
		{4A5635C4-9084-4A2C-B344-C1FBE03DFA7D}.Release|Any CPU.ActiveCfg = Release|Any CPU
		{4A5635C4-9084-4A2C-B344-C1FBE03DFA7D}.Release|Any CPU.Build.0 = Release|Any CPU
		{4A5635C4-9084-4A2C-B344-C1FBE03DFA7D}.Release|x64.ActiveCfg = Release|Any CPU
		{4A5635C4-9084-4A2C-B344-C1FBE03DFA7D}.Release|x64.Build.0 = Release|Any CPU
		{4A5635C4-9084-4A2C-B344-C1FBE03DFA7D}.Release|x86.ActiveCfg = Release|Any CPU
		{4A5635C4-9084-4A2C-B344-C1FBE03DFA7D}.Release|x86.Build.0 = Release|Any CPU
		{0AE8327E-39F9-4BAF-8E04-B262B50E2233}.Debug|Any CPU.ActiveCfg = Debug|Any CPU
		{0AE8327E-39F9-4BAF-8E04-B262B50E2233}.Debug|Any CPU.Build.0 = Debug|Any CPU
		{0AE8327E-39F9-4BAF-8E04-B262B50E2233}.Debug|x64.ActiveCfg = Debug|Any CPU
		{0AE8327E-39F9-4BAF-8E04-B262B50E2233}.Debug|x64.Build.0 = Debug|Any CPU
		{0AE8327E-39F9-4BAF-8E04-B262B50E2233}.Debug|x86.ActiveCfg = Debug|Any CPU
		{0AE8327E-39F9-4BAF-8E04-B262B50E2233}.Debug|x86.Build.0 = Debug|Any CPU
		{0AE8327E-39F9-4BAF-8E04-B262B50E2233}.Release|Any CPU.ActiveCfg = Release|Any CPU
		{0AE8327E-39F9-4BAF-8E04-B262B50E2233}.Release|Any CPU.Build.0 = Release|Any CPU
		{0AE8327E-39F9-4BAF-8E04-B262B50E2233}.Release|x64.ActiveCfg = Release|Any CPU
		{0AE8327E-39F9-4BAF-8E04-B262B50E2233}.Release|x64.Build.0 = Release|Any CPU
		{0AE8327E-39F9-4BAF-8E04-B262B50E2233}.Release|x86.ActiveCfg = Release|Any CPU
		{0AE8327E-39F9-4BAF-8E04-B262B50E2233}.Release|x86.Build.0 = Release|Any CPU
		{16892B76-FD08-4374-8421-D4D1259218C3}.Debug|Any CPU.ActiveCfg = Debug|Any CPU
		{16892B76-FD08-4374-8421-D4D1259218C3}.Debug|Any CPU.Build.0 = Debug|Any CPU
		{16892B76-FD08-4374-8421-D4D1259218C3}.Debug|x64.ActiveCfg = Debug|Any CPU
		{16892B76-FD08-4374-8421-D4D1259218C3}.Debug|x64.Build.0 = Debug|Any CPU
		{16892B76-FD08-4374-8421-D4D1259218C3}.Debug|x86.ActiveCfg = Debug|Any CPU
		{16892B76-FD08-4374-8421-D4D1259218C3}.Debug|x86.Build.0 = Debug|Any CPU
		{16892B76-FD08-4374-8421-D4D1259218C3}.Release|Any CPU.ActiveCfg = Release|Any CPU
		{16892B76-FD08-4374-8421-D4D1259218C3}.Release|Any CPU.Build.0 = Release|Any CPU
		{16892B76-FD08-4374-8421-D4D1259218C3}.Release|x64.ActiveCfg = Release|Any CPU
		{16892B76-FD08-4374-8421-D4D1259218C3}.Release|x64.Build.0 = Release|Any CPU
		{16892B76-FD08-4374-8421-D4D1259218C3}.Release|x86.ActiveCfg = Release|Any CPU
		{16892B76-FD08-4374-8421-D4D1259218C3}.Release|x86.Build.0 = Release|Any CPU
	EndGlobalSection
	GlobalSection(SolutionProperties) = preSolution
		HideSolutionNode = FALSE
	EndGlobalSection
	GlobalSection(NestedProjects) = preSolution
		{CDC65FAC-F3E2-475A-A82F-819B1AB8947C} = {A47C4C64-1094-4AF4-98AB-91C152322B44}
		{3C2508DE-BE87-47A8-B426-E37D8C0F4EF9} = {A47C4C64-1094-4AF4-98AB-91C152322B44}
		{99CFEE9B-D68A-436B-A82E-14BB031FF1D9} = {EF3C9603-22B9-4426-90FB-67E5B0BFA44D}
		{11D61A7E-4AC5-4A6A-9B2A-A626066E528C} = {EF3C9603-22B9-4426-90FB-67E5B0BFA44D}
		{5D5F2C8E-D63B-4CE3-BE56-02E3F4859576} = {A47C4C64-1094-4AF4-98AB-91C152322B44}
		{6DC39E8A-447E-4666-8ED2-F3294A2066C8} = {A47C4C64-1094-4AF4-98AB-91C152322B44}
		{2C49C3C2-3FF6-4293-A693-14DF3F633E2F} = {A47C4C64-1094-4AF4-98AB-91C152322B44}
		{28D63D44-6FC0-41D2-899F-624560BBB4A8} = {A47C4C64-1094-4AF4-98AB-91C152322B44}
		{BD9447DB-7CF2-4FA7-8427-698F8C40F1AA} = {EF3C9603-22B9-4426-90FB-67E5B0BFA44D}
		{5C3CD037-4D21-4777-9F7D-77811FCF77A8} = {A47C4C64-1094-4AF4-98AB-91C152322B44}
		{FF639B0A-A322-4D29-88BC-308ABE1D4184} = {EF3C9603-22B9-4426-90FB-67E5B0BFA44D}
		{BEAF6B86-A229-4663-B22D-98E75442E838} = {EF3C9603-22B9-4426-90FB-67E5B0BFA44D}
		{1364DA8A-22B3-47D6-A476-250BF86D15AA} = {EF3C9603-22B9-4426-90FB-67E5B0BFA44D}
		{30E42EDC-E712-4806-A660-E0013C4F4B36} = {A47C4C64-1094-4AF4-98AB-91C152322B44}
		{D1C95281-3BE9-4765-A6A7-460C432F82B4} = {A47C4C64-1094-4AF4-98AB-91C152322B44}
		{459DC07F-7B61-4D9A-BE65-C3491DDEBF48} = {83B701B7-7D33-4771-BC73-3B9D5BF872E2}
		{9D449C6E-6DD2-4DCB-948C-5545723278A3} = {83B701B7-7D33-4771-BC73-3B9D5BF872E2}
		{EB7C56CC-7964-43E5-8BFE-639208458212} = {83B701B7-7D33-4771-BC73-3B9D5BF872E2}
		{2ECFC912-8EDB-4FB2-9523-C14964F281E2} = {83B701B7-7D33-4771-BC73-3B9D5BF872E2}
		{428E65BE-5012-4D6E-B6A3-00EE56C18959} = {83B701B7-7D33-4771-BC73-3B9D5BF872E2}
		{4A5635C4-9084-4A2C-B344-C1FBE03DFA7D} = {A47C4C64-1094-4AF4-98AB-91C152322B44}
		{0AE8327E-39F9-4BAF-8E04-B262B50E2233} = {83B701B7-7D33-4771-BC73-3B9D5BF872E2}
		{16892B76-FD08-4374-8421-D4D1259218C3} = {83B701B7-7D33-4771-BC73-3B9D5BF872E2}
	EndGlobalSection
	GlobalSection(ExtensibilityGlobals) = postSolution
		SolutionGuid = {DF6B3B08-5AA6-4926-AC7A-9D44D78C5E79}
	EndGlobalSection
EndGlobal
